github.com/koykov/batch_replace v0.0.0-20211101214815-fb2bcb7a1b3f h1:OAE5Dq91iZe136DybCFFAXWysHcpo/gjCq9HR81n4LQ=
github.com/koykov/batch_replace v0.0.0-20211101214815-fb2bcb7a1b3f/go.mod h1:D1OU8rXkcFw1lS4E3fC4TpNQBgGdeZWTDjra8Lk+9ZA=
github.com/koykov/bitset v1.0.0 h1:2mEbAhKelhpdWqnpa+mR3HRhdMsto5od7ACOi6MIAmk=
github.com/koykov/bitset v1.0.0/go.mod h1:DVR3bH49c1oOcNtD38h+aQq7lp1ZY91cXmjOldlTk8A=
github.com/koykov/bytealg v0.0.0-20220528213442-ac92b7cc2f07/go.mod h1:GsRL37HNnRhJ5Igs0WV7sIVWo8R7qBB9KJh6wzVUFe0=
github.com/koykov/bytealg v1.0.1 h1:WlD9/4PMThmfQuIRVpVCujzM/3AVTEwlgvaYrErO9Nk=
github.com/koykov/bytealg v1.0.1/go.mod h1:kMvejxwPkAt7YfHpB1PQ/utMwKpHSY54u1rCxna6Wvg=
github.com/koykov/bytebuf v0.0.0-20211022124711-1142353a5deb h1:b/wWOh+m4S/NIAMA1Bv1BcjlANA4dTRgbDSh8+zvQek=
github.com/koykov/bytebuf v0.0.0-20211022124711-1142353a5deb/go.mod h1:3J76MV7nmzJCU06bQnj19OhV+BxLg49ypY7eMsz7oJY=
github.com/koykov/byteptr v0.0.0-20210620190848-e0b56dd286d9/go.mod h1:LG7b4GrG4UaWlEyjY149VXH6Mq3MB1AHNT4pGuEcvkg=
github.com/koykov/byteptr v1.0.0 h1:tOMEM2qwfFOKTeMNgnzHKyBVWeXxiD1SduLlbzVKJJg=
github.com/koykov/byteptr v1.0.0/go.mod h1:SSRuU7v8JgUo1deHib6Za8s6ya1PQEG2gNpRVKsO3QM=
github.com/koykov/dyntpl v0.0.0-20220630193307-d50122f85255 h1:fUl3Iac+ZT3asd6cG3EV3Gt6a5EjYbKBiGvNI15zOyE=
github.com/koykov/dyntpl v0.0.0-20220630193307-d50122f85255/go.mod h1:S5BVydaRvd89Lm+wAHz3ajY4Ikrnj8qNM2gjolZOjRE=
github.com/koykov/entry v0.0.0-20220621194711-b84e03421c7b h1:2OdsFttnTxUYdVBmkmEJnzzaWpkwqjR7zfDNO8wa/uc=
github.com/koykov/entry v0.0.0-20220621194711-b84e03421c7b/go.mod h1:WmCy/YM0sPb4ETL9wYY0OJwO89KJ7qeQPGOwLUG4rZU=
github.com/koykov/fastconv v0.0.0-20211028200057-f6897ace3bc2/go.mod h1:JXdtdh0aCcSmxLsVUoYP61lmxpL6dWOXEKxCIR+MlGg=
github.com/koykov/fastconv v1.0.0 h1:WnsCYcrrQkUWEKK4VbVX7BuGb6jFhE8Q0Ebl3eAkHic=
github.com/koykov/fastconv v1.0.0/go.mod h1:Y7I12pumAx+2iH1Yh0X85UpywP7IET/+M7S17toJBes=
github.com/koykov/hash v0.0.0-20211114213030-b12f4a779e5d h1:QbOYJf3+IuQfP8p8DH81zE8se1ub9st9Udbxlsfnf5M=
github.com/koykov/hash v0.0.0-20211114213030-b12f4a779e5d/go.mod h1:+utwpI8WtsRQsCwtxNZKTCobJuJ8j3RNjTYLb270u+U=
github.com/koykov/i18n v0.0.0-20220625194504-286e4779580e h1:4cnGqUnTfngigyP7p4p8NtmkOccyvznrZDtQyUodn/U=
github.com/koykov/i18n v0.0.0-20220625194504-286e4779580e/go.mod h1:qmMA/wNGxFhC9LEP/Mx9073js9LFPPYS1xyHEro8rlk=
github.com/koykov/indirect v1.0.0 h1:3kog1xvVUEB2142K2/AZRhnOKN2N8KNahHHkE+KT7ec=
github.com/koykov/indirect v1.0.0/go.mod h1:2qWC0hrIHIexlKaqPA0VWEa0s2V/qxxNJv7XPncnh2I=
github.com/koykov/inspector v0.0.0-20220608081022-4ed872dcf799/go.mod h1:BH8WHFfITjT9Sd5+UeT3sgRNLfMSLFO3RNCHw/o8Fjc=
github.com/koykov/inspector v1.4.0 h1:Rg/APHrxEHwul/2vni4R4dUL9eu/9797LbrU7QzlDVM=
github.com/koykov/inspector v1.4.0/go.mod h1:JIcEe0FDiK343Slb6GumKxuPv65OxVOxmm4+IWYGUms=
github.com/koykov/jsonvector v1.2.0 h1:hX92HYzZbrIPJmXxp+bY6GztfQ+m6RrGPvJpEsCKCFg=
github.com/koykov/jsonvector v1.2.0/go.mod h1:T2Scgw5eJ+sFm+ga1+9b3kurZPXkkqBtLfZRW0cSUbM=
github.com/koykov/policy v0.0.0-20211205213434-fe65faba0cab h1:YBfqX4csQMLncAqrHFIIdnxtiyPW7OjW5KWjv5E/v84=
github.com/koykov/policy v0.0.0-20211205213434-fe65faba0cab/go.mod h1:wHHIIRCCjvlBtX4mSGEBALSAlyrdRA02GTk/jBP+ufg=
github.com/koykov/vector v1.2.0 h1:ge/Mm3Pb4EUvklCbiz8RkZ5g6Qla/9eOoAUvQj9mikM=
github.com/koykov/vector v1.2.0/go.mod h1:bBFcEbpMzM2zOSFhgG63qhdcmHEPPUPx1PxbFn2zdEg=
github.com/koykov/x2bytes v0.0.0-20211030173929-204cb7cc5e84/go.mod h1:WYC0GA70RW4XAE3FRTVCYmC8UhHO3LEm26g795qn7Jo=
github.com/koykov/x2bytes v1.0.0 h1:nnnGrTKXCSDhk/lorPD7Eee9VP5CN0cz8cOkfQqTJow=
github.com/koykov/x2bytes v1.0.0/go.mod h1:rusmMXxjFlCnnTqtNIfTyOHykd5blbxonovNC94zONg=
github.com/yuin/goldmark v1.4.1/go.mod h1:mwnBkeHKe2W/ZEtQ+71ViKU8L12m81fl3OWwC1Zlc8k=
github.com/yuin/goldmark v1.4.13/go.mod h1:6yULJ656Px+3vBD8DxQVa3kxgyrAnzto9xy5taEt/CY=
golang.org/x/crypto v0.0.0-20190308221718-c2843e01d9a2/go.mod h1:djNgcEr1/C05ACkg1iLfiJU5Ep61QUkGW8qpdssI0+w=
golang.org/x/crypto v0.0.0-20191011191535-87dc89f01550/go.mod h1:yigFU9vqHzYiE8UmvKecakEJjdnWj3jj499lnFckfCI=
golang.org/x/crypto v0.0.0-20210921155107-089bfa567519/go.mod h1:GvvjBRRGRdwPK5ydBHafDWAxML/pGHZbMvKqRZ5+Abc=
golang.org/x/crypto v0.1.0/go.mod h1:RecgLatLF4+eUMCP1PoPZQb+cVrJcOPbHkTkbkB9sbw=
golang.org/x/mod v0.5.1/go.mod h1:5OXOZSfqPIIbmVBIIKWRFfZjPR0E5r58TLhUjH0a2Ro=
golang.org/x/mod v0.6.0-dev.0.20220419223038-86c51ed26bb4/go.mod h1:jJ57K6gSWd91VN4djpZkiMVwK6gcyfeH4XE8wZrZaV4=
golang.org/x/mod v0.6.0 h1:b9gGHsz9/HhJ3HF5DHQytPpuwocVTChQJK3AvoLRD5I=
golang.org/x/mod v0.6.0/go.mod h1:4mET923SAdbXp2ki8ey+zGs1SLqsuM2Y0uvdZR/fUNI=
golang.org/x/net v0.0.0-20190404232315-eb5bcb51f2a3/go.mod h1:t9HGtf8HONx5eT2rtn7q6eTqICYqUVnKs3thJo3Qplg=
golang.org/x/net v0.0.0-20190620200207-3b0461eec859/go.mod h1:z5CRVTTTmAJ677TzLLGU+0bjPO0LkuOLi4/5GtJWs/s=
golang.org/x/net v0.0.0-20210226172049-e18ecbb05110/go.mod h1:m0MpNAwzfU5UDzcl9v0D8zg8gWTRqZa9RBIspLL5mdg=
golang.org/x/net v0.0.0-20211015210444-4f30a5c0130f/go.mod h1:9nx3DQGgdP8bBQD5qxJ1jj9UTztislL4KSBs9R2vV5Y=
golang.org/x/net v0.0.0-20220722155237-a158d28d115b/go.mod h1:XRhObCWvk6IyKnWLug+ECip1KBveYUHfp+8e9klMJ9c=
golang.org/x/net v0.1.0/go.mod h1:Cx3nUiGt4eDBEyega/BKRp+/AlGL8hYe7U9odMt2Cco=
golang.org/x/sync v0.0.0-20190423024810-112230192c58/go.mod h1:RxMgew5VJxzue5/jJTE5uejpjVlOe/izrB70Jof72aM=
golang.org/x/sync v0.0.0-20210220032951-036812b2e83c/go.mod h1:RxMgew5VJxzue5/jJTE5uejpjVlOe/izrB70Jof72aM=
golang.org/x/sync v0.0.0-20220722155255-886fb9371eb4/go.mod h1:RxMgew5VJxzue5/jJTE5uejpjVlOe/izrB70Jof72aM=
golang.org/x/sys v0.0.0-20190215142949-d0b11bdaac8a/go.mod h1:STP8DvDyc/dI5b8T5hshtkjS+E42TnysNCUPdjciGhY=
golang.org/x/sys v0.0.0-20190412213103-97732733099d/go.mod h1:h1NjWce9XRLGQEsW7wpKNCjG9DtNlClVuFLEZdDNbEs=
golang.org/x/sys v0.0.0-20201119102817-f84b799fce68/go.mod h1:h1NjWce9XRLGQEsW7wpKNCjG9DtNlClVuFLEZdDNbEs=
golang.org/x/sys v0.0.0-20210423082822-04245dca01da/go.mod h1:h1NjWce9XRLGQEsW7wpKNCjG9DtNlClVuFLEZdDNbEs=
golang.org/x/sys v0.0.0-20210615035016-665e8c7367d1/go.mod h1:oPkhp1MJrh7nUepCBck5+mAzfO9JrbApNNgaTdGDITg=
golang.org/x/sys v0.0.0-20211019181941-9d821ace8654/go.mod h1:oPkhp1MJrh7nUepCBck5+mAzfO9JrbApNNgaTdGDITg=
golang.org/x/sys v0.0.0-20220520151302-bc2c85ada10a/go.mod h1:oPkhp1MJrh7nUepCBck5+mAzfO9JrbApNNgaTdGDITg=
golang.org/x/sys v0.0.0-20220722155257-8c9f86f7a55f/go.mod h1:oPkhp1MJrh7nUepCBck5+mAzfO9JrbApNNgaTdGDITg=
golang.org/x/sys v0.1.0 h1:kunALQeHf1/185U1i0GOB/fy1IPRDDpuoOOqRReG57U=
golang.org/x/sys v0.1.0/go.mod h1:oPkhp1MJrh7nUepCBck5+mAzfO9JrbApNNgaTdGDITg=
golang.org/x/term v0.0.0-20201126162022-7de9c90e9dd1/go.mod h1:bj7SfCRtBDWHUb9snDiAeCFNEtKQo2Wmx5Cou7ajbmo=
golang.org/x/term v0.0.0-20210927222741-03fcf44c2211/go.mod h1:jbD1KX2456YbFQfuXm/mYQcufACuNUgVhRMnK/tPxf8=
golang.org/x/term v0.1.0/go.mod h1:jbD1KX2456YbFQfuXm/mYQcufACuNUgVhRMnK/tPxf8=
golang.org/x/text v0.3.0/go.mod h1:NqM8EUOU14njkJ3fqMW+pc6Ldnwhi/IjpwHt7yyuwOQ=
golang.org/x/text v0.3.3/go.mod h1:5Zoc/QRtKVWzQhOtBMvqHzDpF6irO9z98xDceosuGiQ=
golang.org/x/text v0.3.6/go.mod h1:5Zoc/QRtKVWzQhOtBMvqHzDpF6irO9z98xDceosuGiQ=
golang.org/x/text v0.3.7/go.mod h1:u+2+/6zg+i71rQMx5EYifcz6MCKuco9NR6JIITiCfzQ=
golang.org/x/text v0.4.0/go.mod h1:mrYo+phRRbMaCq/xk9113O4dZlRixOauAjOtrjsXDZ8=
golang.org/x/tools v0.0.0-20180917221912-90fa682c2a6e/go.mod h1:n7NCudcB/nEzxVGmLbDWY5pfWTLqBcC2KZ6jyYvM4mQ=
golang.org/x/tools v0.0.0-20191119224855-298f0cb1881e/go.mod h1:b+2E5dAYhXwXZwtnZ6UAqBI28+e2cm9otk0dWdXHAEo=
golang.org/x/tools v0.1.9/go.mod h1:nABZi5QlRsZVlzPpHl034qft6wpY4eDcsTt5AaioBiU=
golang.org/x/tools v0.1.12/go.mod h1:hNGJHUnrk76NpqgfD5Aqm5Crs+Hm0VOH/i9J2+nxYbc=
golang.org/x/tools v0.2.0 h1:G6AHpWxTMGY1KyEYoAQ5WTtIekUUvDNjan3ugu60JvE=
golang.org/x/tools v0.2.0/go.mod h1:y4OqIKeOV/fWJetJ8bXPU1sEVniLMIyDAZWeHdV+NTA=
golang.org/x/xerrors v0.0.0-20190717185122-a985d3407aa7/go.mod h1:I/5z698sn9Ka8TeJc9MKroUUfqBBauWjQqLJ2OPfmY0=
golang.org/x/xerrors v0.0.0-20191011141410-1b5146add898/go.mod h1:I/5z698sn9Ka8TeJc9MKroUUfqBBauWjQqLJ2OPfmY0=
golang.org/x/xerrors v0.0.0-20200804184101-5ec99f83aff1/go.mod h1:I/5z698sn9Ka8TeJc9MKroUUfqBBauWjQqLJ2OPfmY0=
